// !$*UTF8*$!
{
	archiveVersion = 1;
	classes = {
	};
	objectVersion = 48;
	objects = {

/* Begin PBXBuildFile section */
		504A9BC9200FCC9C00EF830F /* AddMissionTableViewControllerDelegate.swift in Sources */ = {isa = PBXBuildFile; fileRef = 504A9BC8200FCC9C00EF830F /* AddMissionTableViewControllerDelegate.swift */; };
		50B1002C200FF57E00409446 /* BucketList.xcdatamodeld in Sources */ = {isa = PBXBuildFile; fileRef = 50B1002A200FF57E00409446 /* BucketList.xcdatamodeld */; };
		50C5DE2E200F9AFF0015A5D7 /* AppDelegate.swift in Sources */ = {isa = PBXBuildFile; fileRef = 50C5DE2D200F9AFF0015A5D7 /* AppDelegate.swift */; };
		50C5DE33200F9AFF0015A5D7 /* Main.storyboard in Resources */ = {isa = PBXBuildFile; fileRef = 50C5DE31200F9AFF0015A5D7 /* Main.storyboard */; };
		50C5DE35200F9AFF0015A5D7 /* Assets.xcassets in Resources */ = {isa = PBXBuildFile; fileRef = 50C5DE34200F9AFF0015A5D7 /* Assets.xcassets */; };
		50C5DE38200F9AFF0015A5D7 /* LaunchScreen.storyboard in Resources */ = {isa = PBXBuildFile; fileRef = 50C5DE36200F9AFF0015A5D7 /* LaunchScreen.storyboard */; };
		50C5DE43200F9AFF0015A5D7 /* BucketListUITests.swift in Sources */ = {isa = PBXBuildFile; fileRef = 50C5DE42200F9AFF0015A5D7 /* BucketListUITests.swift */; };
		50C5DE4E200FB5760015A5D7 /* BucketListTableViewController.swift in Sources */ = {isa = PBXBuildFile; fileRef = 50C5DE4D200FB5760015A5D7 /* BucketListTableViewController.swift */; };
		50C5DE50200FB73F0015A5D7 /* AddMissionTableViewController.swift in Sources */ = {isa = PBXBuildFile; fileRef = 50C5DE4F200FB73F0015A5D7 /* AddMissionTableViewController.swift */; };
/* End PBXBuildFile section */

/* Begin PBXContainerItemProxy section */
		50C5DE3F200F9AFF0015A5D7 /* PBXContainerItemProxy */ = {
			isa = PBXContainerItemProxy;
			containerPortal = 50C5DE22200F9AFF0015A5D7 /* Project object */;
			proxyType = 1;
			remoteGlobalIDString = 50C5DE29200F9AFF0015A5D7;
			remoteInfo = BucketList;
		};
/* End PBXContainerItemProxy section */

/* Begin PBXFileReference section */
		504A9BC8200FCC9C00EF830F /* AddMissionTableViewControllerDelegate.swift */ = {isa = PBXFileReference; lastKnownFileType = sourcecode.swift; path = AddMissionTableViewControllerDelegate.swift; sourceTree = "<group>"; };
		50B1002B200FF57E00409446 /* BucketList.xcdatamodel */ = {isa = PBXFileReference; lastKnownFileType = wrapper.xcdatamodel; path = BucketList.xcdatamodel; sourceTree = "<group>"; };
		50C5DE2A200F9AFF0015A5D7 /* BucketList.app */ = {isa = PBXFileReference; explicitFileType = wrapper.application; includeInIndex = 0; path = BucketList.app; sourceTree = BUILT_PRODUCTS_DIR; };
		50C5DE2D200F9AFF0015A5D7 /* AppDelegate.swift */ = {isa = PBXFileReference; lastKnownFileType = sourcecode.swift; path = AppDelegate.swift; sourceTree = "<group>"; };
		50C5DE32200F9AFF0015A5D7 /* Base */ = {isa = PBXFileReference; lastKnownFileType = file.storyboard; name = Base; path = Base.lproj/Main.storyboard; sourceTree = "<group>"; };
		50C5DE34200F9AFF0015A5D7 /* Assets.xcassets */ = {isa = PBXFileReference; lastKnownFileType = folder.assetcatalog; path = Assets.xcassets; sourceTree = "<group>"; };
		50C5DE37200F9AFF0015A5D7 /* Base */ = {isa = PBXFileReference; lastKnownFileType = file.storyboard; name = Base; path = Base.lproj/LaunchScreen.storyboard; sourceTree = "<group>"; };
		50C5DE39200F9AFF0015A5D7 /* Info.plist */ = {isa = PBXFileReference; lastKnownFileType = text.plist.xml; path = Info.plist; sourceTree = "<group>"; };
		50C5DE3E200F9AFF0015A5D7 /* BucketListUITests.xctest */ = {isa = PBXFileReference; explicitFileType = wrapper.cfbundle; includeInIndex = 0; path = BucketListUITests.xctest; sourceTree = BUILT_PRODUCTS_DIR; };
		50C5DE42200F9AFF0015A5D7 /* BucketListUITests.swift */ = {isa = PBXFileReference; lastKnownFileType = sourcecode.swift; path = BucketListUITests.swift; sourceTree = "<group>"; };
		50C5DE44200F9AFF0015A5D7 /* Info.plist */ = {isa = PBXFileReference; lastKnownFileType = text.plist.xml; path = Info.plist; sourceTree = "<group>"; };
		50C5DE4D200FB5760015A5D7 /* BucketListTableViewController.swift */ = {isa = PBXFileReference; fileEncoding = 4; lastKnownFileType = sourcecode.swift; path = BucketListTableViewController.swift; sourceTree = "<group>"; };
		50C5DE4F200FB73F0015A5D7 /* AddMissionTableViewController.swift */ = {isa = PBXFileReference; lastKnownFileType = sourcecode.swift; path = AddMissionTableViewController.swift; sourceTree = "<group>"; };
/* End PBXFileReference section */

/* Begin PBXFrameworksBuildPhase section */
		50C5DE27200F9AFF0015A5D7 /* Frameworks */ = {
			isa = PBXFrameworksBuildPhase;
			buildActionMask = 2147483647;
			files = (
			);
			runOnlyForDeploymentPostprocessing = 0;
		};
		50C5DE3B200F9AFF0015A5D7 /* Frameworks */ = {
			isa = PBXFrameworksBuildPhase;
			buildActionMask = 2147483647;
			files = (
			);
			runOnlyForDeploymentPostprocessing = 0;
		};
/* End PBXFrameworksBuildPhase section */

/* Begin PBXGroup section */
		50C5DE21200F9AFF0015A5D7 = {
			isa = PBXGroup;
			children = (
				50C5DE2C200F9AFF0015A5D7 /* BucketList */,
				50C5DE41200F9AFF0015A5D7 /* BucketListUITests */,
				50C5DE2B200F9AFF0015A5D7 /* Products */,
			);
			sourceTree = "<group>";
		};
		50C5DE2B200F9AFF0015A5D7 /* Products */ = {
			isa = PBXGroup;
			children = (
				50C5DE2A200F9AFF0015A5D7 /* BucketList.app */,
				50C5DE3E200F9AFF0015A5D7 /* BucketListUITests.xctest */,
			);
			name = Products;
			sourceTree = "<group>";
		};
		50C5DE2C200F9AFF0015A5D7 /* BucketList */ = {
			isa = PBXGroup;
			children = (
				50C5DE2D200F9AFF0015A5D7 /* AppDelegate.swift */,
				50B1002A200FF57E00409446 /* BucketList.xcdatamodeld */,
				50C5DE4D200FB5760015A5D7 /* BucketListTableViewController.swift */,
				50C5DE4F200FB73F0015A5D7 /* AddMissionTableViewController.swift */,
				50C5DE31200F9AFF0015A5D7 /* Main.storyboard */,
				504A9BC8200FCC9C00EF830F /* AddMissionTableViewControllerDelegate.swift */,
				50C5DE34200F9AFF0015A5D7 /* Assets.xcassets */,
				50C5DE36200F9AFF0015A5D7 /* LaunchScreen.storyboard */,
				50C5DE39200F9AFF0015A5D7 /* Info.plist */,
			);
			path = BucketList;
			sourceTree = "<group>";
		};
		50C5DE41200F9AFF0015A5D7 /* BucketListUITests */ = {
			isa = PBXGroup;
			children = (
				50C5DE42200F9AFF0015A5D7 /* BucketListUITests.swift */,
				50C5DE44200F9AFF0015A5D7 /* Info.plist */,
			);
			path = BucketListUITests;
			sourceTree = "<group>";
		};
/* End PBXGroup section */

/* Begin PBXNativeTarget section */
		50C5DE29200F9AFF0015A5D7 /* BucketList */ = {
			isa = PBXNativeTarget;
			buildConfigurationList = 50C5DE47200F9AFF0015A5D7 /* Build configuration list for PBXNativeTarget "BucketList" */;
			buildPhases = (
				50C5DE26200F9AFF0015A5D7 /* Sources */,
				50C5DE27200F9AFF0015A5D7 /* Frameworks */,
				50C5DE28200F9AFF0015A5D7 /* Resources */,
			);
			buildRules = (
			);
			dependencies = (
			);
			name = BucketList;
			productName = BucketList;
			productReference = 50C5DE2A200F9AFF0015A5D7 /* BucketList.app */;
			productType = "com.apple.product-type.application";
		};
		50C5DE3D200F9AFF0015A5D7 /* BucketListUITests */ = {
			isa = PBXNativeTarget;
			buildConfigurationList = 50C5DE4A200F9AFF0015A5D7 /* Build configuration list for PBXNativeTarget "BucketListUITests" */;
			buildPhases = (
				50C5DE3A200F9AFF0015A5D7 /* Sources */,
				50C5DE3B200F9AFF0015A5D7 /* Frameworks */,
				50C5DE3C200F9AFF0015A5D7 /* Resources */,
			);
			buildRules = (
			);
			dependencies = (
				50C5DE40200F9AFF0015A5D7 /* PBXTargetDependency */,
			);
			name = BucketListUITests;
			productName = BucketListUITests;
			productReference = 50C5DE3E200F9AFF0015A5D7 /* BucketListUITests.xctest */;
			productType = "com.apple.product-type.bundle.ui-testing";
		};
/* End PBXNativeTarget section */

/* Begin PBXProject section */
		50C5DE22200F9AFF0015A5D7 /* Project object */ = {
			isa = PBXProject;
			attributes = {
				LastSwiftUpdateCheck = 0920;
				LastUpgradeCheck = 0920;
				ORGANIZATIONNAME = Song;
				TargetAttributes = {
					50C5DE29200F9AFF0015A5D7 = {
						CreatedOnToolsVersion = 9.2;
						ProvisioningStyle = Automatic;
					};
					50C5DE3D200F9AFF0015A5D7 = {
						CreatedOnToolsVersion = 9.2;
						ProvisioningStyle = Automatic;
						TestTargetID = 50C5DE29200F9AFF0015A5D7;
					};
				};
			};
			buildConfigurationList = 50C5DE25200F9AFF0015A5D7 /* Build configuration list for PBXProject "BucketList" */;
			compatibilityVersion = "Xcode 8.0";
			developmentRegion = en;
			hasScannedForEncodings = 0;
			knownRegions = (
				en,
				Base,
			);
			mainGroup = 50C5DE21200F9AFF0015A5D7;
			productRefGroup = 50C5DE2B200F9AFF0015A5D7 /* Products */;
			projectDirPath = "";
			projectRoot = "";
			targets = (
				50C5DE29200F9AFF0015A5D7 /* BucketList */,
				50C5DE3D200F9AFF0015A5D7 /* BucketListUITests */,
			);
		};
/* End PBXProject section */

/* Begin PBXResourcesBuildPhase section */
		50C5DE28200F9AFF0015A5D7 /* Resources */ = {
			isa = PBXResourcesBuildPhase;
			buildActionMask = 2147483647;
			files = (
				50C5DE38200F9AFF0015A5D7 /* LaunchScreen.storyboard in Resources */,
				50C5DE35200F9AFF0015A5D7 /* Assets.xcassets in Resources */,
				50C5DE33200F9AFF0015A5D7 /* Main.storyboard in Resources */,
			);
			runOnlyForDeploymentPostprocessing = 0;
		};
		50C5DE3C200F9AFF0015A5D7 /* Resources */ = {
			isa = PBXResourcesBuildPhase;
			buildActionMask = 2147483647;
			files = (
			);
			runOnlyForDeploymentPostprocessing = 0;
		};
/* End PBXResourcesBuildPhase section */

/* Begin PBXSourcesBuildPhase section */
		50C5DE26200F9AFF0015A5D7 /* Sources */ = {
			isa = PBXSourcesBuildPhase;
			buildActionMask = 2147483647;
			files = (
				50C5DE4E200FB5760015A5D7 /* BucketListTableViewController.swift in Sources */,
				504A9BC9200FCC9C00EF830F /* AddMissionTableViewControllerDelegate.swift in Sources */,
				50B1002C200FF57E00409446 /* BucketList.xcdatamodeld in Sources */,
				50C5DE50200FB73F0015A5D7 /* AddMissionTableViewController.swift in Sources */,
				50C5DE2E200F9AFF0015A5D7 /* AppDelegate.swift in Sources */,
			);
			runOnlyForDeploymentPostprocessing = 0;
		};
		50C5DE3A200F9AFF0015A5D7 /* Sources */ = {
			isa = PBXSourcesBuildPhase;
			buildActionMask = 2147483647;
			files = (
				50C5DE43200F9AFF0015A5D7 /* BucketListUITests.swift in Sources */,
			);
			runOnlyForDeploymentPostprocessing = 0;
		};
/* End PBXSourcesBuildPhase section */

/* Begin PBXTargetDependency section */
		50C5DE40200F9AFF0015A5D7 /* PBXTargetDependency */ = {
			isa = PBXTargetDependency;
			target = 50C5DE29200F9AFF0015A5D7 /* BucketList */;
			targetProxy = 50C5DE3F200F9AFF0015A5D7 /* PBXContainerItemProxy */;
		};
/* End PBXTargetDependency section */

/* Begin PBXVariantGroup section */
		50C5DE31200F9AFF0015A5D7 /* Main.storyboard */ = {
			isa = PBXVariantGroup;
			children = (
				50C5DE32200F9AFF0015A5D7 /* Base */,
			);
			name = Main.storyboard;
			sourceTree = "<group>";
		};
		50C5DE36200F9AFF0015A5D7 /* LaunchScreen.storyboard */ = {
			isa = PBXVariantGroup;
			children = (
				50C5DE37200F9AFF0015A5D7 /* Base */,
			);
			name = LaunchScreen.storyboard;
			sourceTree = "<group>";
		};
/* End PBXVariantGroup section */

/* Begin XCBuildConfiguration section */
		50C5DE45200F9AFF0015A5D7 /* Debug */ = {
			isa = XCBuildConfiguration;
			buildSettings = {
				ALWAYS_SEARCH_USER_PATHS = NO;
				CLANG_ANALYZER_NONNULL = YES;
				CLANG_ANALYZER_NUMBER_OBJECT_CONVERSION = YES_AGGRESSIVE;
				CLANG_CXX_LANGUAGE_STANDARD = "gnu++14";
				CLANG_CXX_LIBRARY = "libc++";
				CLANG_ENABLE_MODULES = YES;
				CLANG_ENABLE_OBJC_ARC = YES;
				CLANG_WARN_BLOCK_CAPTURE_AUTORELEASING = YES;
				CLANG_WARN_BOOL_CONVERSION = YES;
				CLANG_WARN_COMMA = YES;
				CLANG_WARN_CONSTANT_CONVERSION = YES;
				CLANG_WARN_DIRECT_OBJC_ISA_USAGE = YES_ERROR;
				CLANG_WARN_DOCUMENTATION_COMMENTS = YES;
				CLANG_WARN_EMPTY_BODY = YES;
				CLANG_WARN_ENUM_CONVERSION = YES;
				CLANG_WARN_INFINITE_RECURSION = YES;
				CLANG_WARN_INT_CONVERSION = YES;
				CLANG_WARN_NON_LITERAL_NULL_CONVERSION = YES;
				CLANG_WARN_OBJC_LITERAL_CONVERSION = YES;
				CLANG_WARN_OBJC_ROOT_CLASS = YES_ERROR;
				CLANG_WARN_RANGE_LOOP_ANALYSIS = YES;
				CLANG_WARN_STRICT_PROTOTYPES = YES;
				CLANG_WARN_SUSPICIOUS_MOVE = YES;
				CLANG_WARN_UNGUARDED_AVAILABILITY = YES_AGGRESSIVE;
				CLANG_WARN_UNREACHABLE_CODE = YES;
				CLANG_WARN__DUPLICATE_METHOD_MATCH = YES;
				CODE_SIGN_IDENTITY = "iPhone Developer";
				COPY_PHASE_STRIP = NO;
				DEBUG_INFORMATION_FORMAT = dwarf;
				ENABLE_STRICT_OBJC_MSGSEND = YES;
				ENABLE_TESTABILITY = YES;
				GCC_C_LANGUAGE_STANDARD = gnu11;
				GCC_DYNAMIC_NO_PIC = NO;
				GCC_NO_COMMON_BLOCKS = YES;
				GCC_OPTIMIZATION_LEVEL = 0;
				GCC_PREPROCESSOR_DEFINITIONS = (
					"DEBUG=1",
					"$(inherited)",
				);
				GCC_WARN_64_TO_32_BIT_CONVERSION = YES;
				GCC_WARN_ABOUT_RETURN_TYPE = YES_ERROR;
				GCC_WARN_UNDECLARED_SELECTOR = YES;
				GCC_WARN_UNINITIALIZED_AUTOS = YES_AGGRESSIVE;
				GCC_WARN_UNUSED_FUNCTION = YES;
				GCC_WARN_UNUSED_VARIABLE = YES;
				IPHONEOS_DEPLOYMENT_TARGET = 11.2;
				MTL_ENABLE_DEBUG_INFO = YES;
				ONLY_ACTIVE_ARCH = YES;
				SDKROOT = iphoneos;
				SWIFT_ACTIVE_COMPILATION_CONDITIONS = DEBUG;
				SWIFT_OPTIMIZATION_LEVEL = "-Onone";
			};
			name = Debug;
		};
		50C5DE46200F9AFF0015A5D7 /* Release */ = {
			isa = XCBuildConfiguration;
			buildSettings = {
				ALWAYS_SEARCH_USER_PATHS = NO;
				CLANG_ANALYZER_NONNULL = YES;
				CLANG_ANALYZER_NUMBER_OBJECT_CONVERSION = YES_AGGRESSIVE;
				CLANG_CXX_LANGUAGE_STANDARD = "gnu++14";
				CLANG_CXX_LIBRARY = "libc++";
				CLANG_ENABLE_MODULES = YES;
				CLANG_ENABLE_OBJC_ARC = YES;
				CLANG_WARN_BLOCK_CAPTURE_AUTORELEASING = YES;
				CLANG_WARN_BOOL_CONVERSION = YES;
				CLANG_WARN_COMMA = YES;
				CLANG_WARN_CONSTANT_CONVERSION = YES;
				CLANG_WARN_DIRECT_OBJC_ISA_USAGE = YES_ERROR;
				CLANG_WARN_DOCUMENTATION_COMMENTS = YES;
				CLANG_WARN_EMPTY_BODY = YES;
				CLANG_WARN_ENUM_CONVERSION = YES;
				CLANG_WARN_INFINITE_RECURSION = YES;
				CLANG_WARN_INT_CONVERSION = YES;
				CLANG_WARN_NON_LITERAL_NULL_CONVERSION = YES;
				CLANG_WARN_OBJC_LITERAL_CONVERSION = YES;
				CLANG_WARN_OBJC_ROOT_CLASS = YES_ERROR;
				CLANG_WARN_RANGE_LOOP_ANALYSIS = YES;
				CLANG_WARN_STRICT_PROTOTYPES = YES;
				CLANG_WARN_SUSPICIOUS_MOVE = YES;
				CLANG_WARN_UNGUARDED_AVAILABILITY = YES_AGGRESSIVE;
				CLANG_WARN_UNREACHABLE_CODE = YES;
				CLANG_WARN__DUPLICATE_METHOD_MATCH = YES;
				CODE_SIGN_IDENTITY = "iPhone Developer";
				COPY_PHASE_STRIP = NO;
				DEBUG_INFORMATION_FORMAT = "dwarf-with-dsym";
				ENABLE_NS_ASSERTIONS = NO;
				ENABLE_STRICT_OBJC_MSGSEND = YES;
				GCC_C_LANGUAGE_STANDARD = gnu11;
				GCC_NO_COMMON_BLOCKS = YES;
				GCC_WARN_64_TO_32_BIT_CONVERSION = YES;
				GCC_WARN_ABOUT_RETURN_TYPE = YES_ERROR;
				GCC_WARN_UNDECLARED_SELECTOR = YES;
				GCC_WARN_UNINITIALIZED_AUTOS = YES_AGGRESSIVE;
				GCC_WARN_UNUSED_FUNCTION = YES;
				GCC_WARN_UNUSED_VARIABLE = YES;
				IPHONEOS_DEPLOYMENT_TARGET = 11.2;
				MTL_ENABLE_DEBUG_INFO = NO;
				SDKROOT = iphoneos;
				SWIFT_OPTIMIZATION_LEVEL = "-Owholemodule";
				VALIDATE_PRODUCT = YES;
			};
			name = Release;
		};
		50C5DE48200F9AFF0015A5D7 /* Debug */ = {
			isa = XCBuildConfiguration;
			buildSettings = {
				ASSETCATALOG_COMPILER_APPICON_NAME = AppIcon;
				CODE_SIGN_STYLE = Automatic;
				INFOPLIST_FILE = BucketList/Info.plist;
				LD_RUNPATH_SEARCH_PATHS = "$(inherited) @executable_path/Frameworks";
				PRODUCT_BUNDLE_IDENTIFIER = Self.BucketList;
				PRODUCT_NAME = "$(TARGET_NAME)";
				SWIFT_VERSION = 4.0;
				TARGETED_DEVICE_FAMILY = "1,2";
			};
			name = Debug;
		};
		50C5DE49200F9AFF0015A5D7 /* Release */ = {
			isa = XCBuildConfiguration;
			buildSettings = {
				ASSETCATALOG_COMPILER_APPICON_NAME = AppIcon;
				CODE_SIGN_STYLE = Automatic;
				INFOPLIST_FILE = BucketList/Info.plist;
				LD_RUNPATH_SEARCH_PATHS = "$(inherited) @executable_path/Frameworks";
				PRODUCT_BUNDLE_IDENTIFIER = Self.BucketList;
				PRODUCT_NAME = "$(TARGET_NAME)";
				SWIFT_VERSION = 4.0;
				TARGETED_DEVICE_FAMILY = "1,2";
			};
			name = Release;
		};
		50C5DE4B200F9AFF0015A5D7 /* Debug */ = {
			isa = XCBuildConfiguration;
			buildSettings = {
				ALWAYS_EMBED_SWIFT_STANDARD_LIBRARIES = YES;
				CODE_SIGN_STYLE = Automatic;
				INFOPLIST_FILE = BucketListUITests/Info.plist;
				LD_RUNPATH_SEARCH_PATHS = "$(inherited) @executable_path/Frameworks @loader_path/Frameworks";
				PRODUCT_BUNDLE_IDENTIFIER = Self.BucketListUITests;
				PRODUCT_NAME = "$(TARGET_NAME)";
				SWIFT_VERSION = 4.0;
				TARGETED_DEVICE_FAMILY = "1,2";
				TEST_TARGET_NAME = BucketList;
			};
			name = Debug;
		};
		50C5DE4C200F9AFF0015A5D7 /* Release */ = {
			isa = XCBuildConfiguration;
			buildSettings = {
				ALWAYS_EMBED_SWIFT_STANDARD_LIBRARIES = YES;
				CODE_SIGN_STYLE = Automatic;
				INFOPLIST_FILE = BucketListUITests/Info.plist;
				LD_RUNPATH_SEARCH_PATHS = "$(inherited) @executable_path/Frameworks @loader_path/Frameworks";
				PRODUCT_BUNDLE_IDENTIFIER = Self.BucketListUITests;
				PRODUCT_NAME = "$(TARGET_NAME)";
				SWIFT_VERSION = 4.0;
				TARGETED_DEVICE_FAMILY = "1,2";
				TEST_TARGET_NAME = BucketList;
			};
			name = Release;
		};
/* End XCBuildConfiguration section */

/* Begin XCConfigurationList section */
		50C5DE25200F9AFF0015A5D7 /* Build configuration list for PBXProject "BucketList" */ = {
			isa = XCConfigurationList;
			buildConfigurations = (
				50C5DE45200F9AFF0015A5D7 /* Debug */,
				50C5DE46200F9AFF0015A5D7 /* Release */,
			);
			defaultConfigurationIsVisible = 0;
			defaultConfigurationName = Release;
		};
		50C5DE47200F9AFF0015A5D7 /* Build configuration list for PBXNativeTarget "BucketList" */ = {
			isa = XCConfigurationList;
			buildConfigurations = (
				50C5DE48200F9AFF0015A5D7 /* Debug */,
				50C5DE49200F9AFF0015A5D7 /* Release */,
			);
			defaultConfigurationIsVisible = 0;
			defaultConfigurationName = Release;
		};
		50C5DE4A200F9AFF0015A5D7 /* Build configuration list for PBXNativeTarget "BucketListUITests" */ = {
			isa = XCConfigurationList;
			buildConfigurations = (
				50C5DE4B200F9AFF0015A5D7 /* Debug */,
				50C5DE4C200F9AFF0015A5D7 /* Release */,
			);
			defaultConfigurationIsVisible = 0;
			defaultConfigurationName = Release;
		};
/* End XCConfigurationList section */

/* Begin XCVersionGroup section */
		50B1002A200FF57E00409446 /* BucketList.xcdatamodeld */ = {
			isa = XCVersionGroup;
			children = (
				50B1002B200FF57E00409446 /* BucketList.xcdatamodel */,
			);
			currentVersion = 50B1002B200FF57E00409446 /* BucketList.xcdatamodel */;
			path = BucketList.xcdatamodeld;
			sourceTree = "<group>";
			versionGroupType = wrapper.xcdatamodel;
		};
/* End XCVersionGroup section */
	};
	rootObject = 50C5DE22200F9AFF0015A5D7 /* Project object */;
}
