// !$*UTF8*$!
{
	archiveVersion = 1;
	classes = {
	};
	objectVersion = 48;
	objects = {

/* Begin PBXBuildFile section */
		50E8CCBC2007CD7600EDD0B5 /* AppDelegate.swift in Sources */ = {isa = PBXBuildFile; fileRef = 50E8CCBB2007CD7600EDD0B5 /* AppDelegate.swift */; };
		50E8CCBE2007CD7600EDD0B5 /* ViewController.swift in Sources */ = {isa = PBXBuildFile; fileRef = 50E8CCBD2007CD7600EDD0B5 /* ViewController.swift */; };
		50E8CCC12007CD7600EDD0B5 /* Main.storyboard in Resources */ = {isa = PBXBuildFile; fileRef = 50E8CCBF2007CD7600EDD0B5 /* Main.storyboard */; };
		50E8CCC32007CD7600EDD0B5 /* Assets.xcassets in Resources */ = {isa = PBXBuildFile; fileRef = 50E8CCC22007CD7600EDD0B5 /* Assets.xcassets */; };
		50E8CCC62007CD7600EDD0B5 /* LaunchScreen.storyboard in Resources */ = {isa = PBXBuildFile; fileRef = 50E8CCC42007CD7600EDD0B5 /* LaunchScreen.storyboard */; };
		50E8CCD12007CD7600EDD0B5 /* BeastListUITests.swift in Sources */ = {isa = PBXBuildFile; fileRef = 50E8CCD02007CD7600EDD0B5 /* BeastListUITests.swift */; };
/* End PBXBuildFile section */

/* Begin PBXContainerItemProxy section */
		50E8CCCD2007CD7600EDD0B5 /* PBXContainerItemProxy */ = {
			isa = PBXContainerItemProxy;
			containerPortal = 50E8CCB02007CD7500EDD0B5 /* Project object */;
			proxyType = 1;
			remoteGlobalIDString = 50E8CCB72007CD7600EDD0B5;
			remoteInfo = BeastList;
		};
/* End PBXContainerItemProxy section */

/* Begin PBXFileReference section */
		50E8CCB82007CD7600EDD0B5 /* BeastList.app */ = {isa = PBXFileReference; explicitFileType = wrapper.application; includeInIndex = 0; path = BeastList.app; sourceTree = BUILT_PRODUCTS_DIR; };
		50E8CCBB2007CD7600EDD0B5 /* AppDelegate.swift */ = {isa = PBXFileReference; lastKnownFileType = sourcecode.swift; path = AppDelegate.swift; sourceTree = "<group>"; };
		50E8CCBD2007CD7600EDD0B5 /* ViewController.swift */ = {isa = PBXFileReference; lastKnownFileType = sourcecode.swift; path = ViewController.swift; sourceTree = "<group>"; };
		50E8CCC02007CD7600EDD0B5 /* Base */ = {isa = PBXFileReference; lastKnownFileType = file.storyboard; name = Base; path = Base.lproj/Main.storyboard; sourceTree = "<group>"; };
		50E8CCC22007CD7600EDD0B5 /* Assets.xcassets */ = {isa = PBXFileReference; lastKnownFileType = folder.assetcatalog; path = Assets.xcassets; sourceTree = "<group>"; };
		50E8CCC52007CD7600EDD0B5 /* Base */ = {isa = PBXFileReference; lastKnownFileType = file.storyboard; name = Base; path = Base.lproj/LaunchScreen.storyboard; sourceTree = "<group>"; };
		50E8CCC72007CD7600EDD0B5 /* Info.plist */ = {isa = PBXFileReference; lastKnownFileType = text.plist.xml; path = Info.plist; sourceTree = "<group>"; };
		50E8CCCC2007CD7600EDD0B5 /* BeastListUITests.xctest */ = {isa = PBXFileReference; explicitFileType = wrapper.cfbundle; includeInIndex = 0; path = BeastListUITests.xctest; sourceTree = BUILT_PRODUCTS_DIR; };
		50E8CCD02007CD7600EDD0B5 /* BeastListUITests.swift */ = {isa = PBXFileReference; lastKnownFileType = sourcecode.swift; path = BeastListUITests.swift; sourceTree = "<group>"; };
		50E8CCD22007CD7600EDD0B5 /* Info.plist */ = {isa = PBXFileReference; lastKnownFileType = text.plist.xml; path = Info.plist; sourceTree = "<group>"; };
/* End PBXFileReference section */

/* Begin PBXFrameworksBuildPhase section */
		50E8CCB52007CD7600EDD0B5 /* Frameworks */ = {
			isa = PBXFrameworksBuildPhase;
			buildActionMask = 2147483647;
			files = (
			);
			runOnlyForDeploymentPostprocessing = 0;
		};
		50E8CCC92007CD7600EDD0B5 /* Frameworks */ = {
			isa = PBXFrameworksBuildPhase;
			buildActionMask = 2147483647;
			files = (
			);
			runOnlyForDeploymentPostprocessing = 0;
		};
/* End PBXFrameworksBuildPhase section */

/* Begin PBXGroup section */
		50E8CCAF2007CD7500EDD0B5 = {
			isa = PBXGroup;
			children = (
				50E8CCBA2007CD7600EDD0B5 /* BeastList */,
				50E8CCCF2007CD7600EDD0B5 /* BeastListUITests */,
				50E8CCB92007CD7600EDD0B5 /* Products */,
			);
			sourceTree = "<group>";
		};
		50E8CCB92007CD7600EDD0B5 /* Products */ = {
			isa = PBXGroup;
			children = (
				50E8CCB82007CD7600EDD0B5 /* BeastList.app */,
				50E8CCCC2007CD7600EDD0B5 /* BeastListUITests.xctest */,
			);
			name = Products;
			sourceTree = "<group>";
		};
		50E8CCBA2007CD7600EDD0B5 /* BeastList */ = {
			isa = PBXGroup;
			children = (
				50E8CCBB2007CD7600EDD0B5 /* AppDelegate.swift */,
				50E8CCBD2007CD7600EDD0B5 /* ViewController.swift */,
				50E8CCBF2007CD7600EDD0B5 /* Main.storyboard */,
				50E8CCC22007CD7600EDD0B5 /* Assets.xcassets */,
				50E8CCC42007CD7600EDD0B5 /* LaunchScreen.storyboard */,
				50E8CCC72007CD7600EDD0B5 /* Info.plist */,
			);
			path = BeastList;
			sourceTree = "<group>";
		};
		50E8CCCF2007CD7600EDD0B5 /* BeastListUITests */ = {
			isa = PBXGroup;
			children = (
				50E8CCD02007CD7600EDD0B5 /* BeastListUITests.swift */,
				50E8CCD22007CD7600EDD0B5 /* Info.plist */,
			);
			path = BeastListUITests;
			sourceTree = "<group>";
		};
/* End PBXGroup section */

/* Begin PBXNativeTarget section */
		50E8CCB72007CD7600EDD0B5 /* BeastList */ = {
			isa = PBXNativeTarget;
			buildConfigurationList = 50E8CCD52007CD7600EDD0B5 /* Build configuration list for PBXNativeTarget "BeastList" */;
			buildPhases = (
				50E8CCB42007CD7600EDD0B5 /* Sources */,
				50E8CCB52007CD7600EDD0B5 /* Frameworks */,
				50E8CCB62007CD7600EDD0B5 /* Resources */,
			);
			buildRules = (
			);
			dependencies = (
			);
			name = BeastList;
			productName = BeastList;
			productReference = 50E8CCB82007CD7600EDD0B5 /* BeastList.app */;
			productType = "com.apple.product-type.application";
		};
		50E8CCCB2007CD7600EDD0B5 /* BeastListUITests */ = {
			isa = PBXNativeTarget;
			buildConfigurationList = 50E8CCD82007CD7600EDD0B5 /* Build configuration list for PBXNativeTarget "BeastListUITests" */;
			buildPhases = (
				50E8CCC82007CD7600EDD0B5 /* Sources */,
				50E8CCC92007CD7600EDD0B5 /* Frameworks */,
				50E8CCCA2007CD7600EDD0B5 /* Resources */,
			);
			buildRules = (
			);
			dependencies = (
				50E8CCCE2007CD7600EDD0B5 /* PBXTargetDependency */,
			);
			name = BeastListUITests;
			productName = BeastListUITests;
			productReference = 50E8CCCC2007CD7600EDD0B5 /* BeastListUITests.xctest */;
			productType = "com.apple.product-type.bundle.ui-testing";
		};
/* End PBXNativeTarget section */

/* Begin PBXProject section */
		50E8CCB02007CD7500EDD0B5 /* Project object */ = {
			isa = PBXProject;
			attributes = {
				LastSwiftUpdateCheck = 0920;
				LastUpgradeCheck = 0920;
				ORGANIZATIONNAME = Song;
				TargetAttributes = {
					50E8CCB72007CD7600EDD0B5 = {
						CreatedOnToolsVersion = 9.2;
						ProvisioningStyle = Automatic;
					};
					50E8CCCB2007CD7600EDD0B5 = {
						CreatedOnToolsVersion = 9.2;
						ProvisioningStyle = Automatic;
						TestTargetID = 50E8CCB72007CD7600EDD0B5;
					};
				};
			};
			buildConfigurationList = 50E8CCB32007CD7500EDD0B5 /* Build configuration list for PBXProject "BeastList" */;
			compatibilityVersion = "Xcode 8.0";
			developmentRegion = en;
			hasScannedForEncodings = 0;
			knownRegions = (
				en,
				Base,
			);
			mainGroup = 50E8CCAF2007CD7500EDD0B5;
			productRefGroup = 50E8CCB92007CD7600EDD0B5 /* Products */;
			projectDirPath = "";
			projectRoot = "";
			targets = (
				50E8CCB72007CD7600EDD0B5 /* BeastList */,
				50E8CCCB2007CD7600EDD0B5 /* BeastListUITests */,
			);
		};
/* End PBXProject section */

/* Begin PBXResourcesBuildPhase section */
		50E8CCB62007CD7600EDD0B5 /* Resources */ = {
			isa = PBXResourcesBuildPhase;
			buildActionMask = 2147483647;
			files = (
				50E8CCC62007CD7600EDD0B5 /* LaunchScreen.storyboard in Resources */,
				50E8CCC32007CD7600EDD0B5 /* Assets.xcassets in Resources */,
				50E8CCC12007CD7600EDD0B5 /* Main.storyboard in Resources */,
			);
			runOnlyForDeploymentPostprocessing = 0;
		};
		50E8CCCA2007CD7600EDD0B5 /* Resources */ = {
			isa = PBXResourcesBuildPhase;
			buildActionMask = 2147483647;
			files = (
			);
			runOnlyForDeploymentPostprocessing = 0;
		};
/* End PBXResourcesBuildPhase section */

/* Begin PBXSourcesBuildPhase section */
		50E8CCB42007CD7600EDD0B5 /* Sources */ = {
			isa = PBXSourcesBuildPhase;
			buildActionMask = 2147483647;
			files = (
				50E8CCBE2007CD7600EDD0B5 /* ViewController.swift in Sources */,
				50E8CCBC2007CD7600EDD0B5 /* AppDelegate.swift in Sources */,
			);
			runOnlyForDeploymentPostprocessing = 0;
		};
		50E8CCC82007CD7600EDD0B5 /* Sources */ = {
			isa = PBXSourcesBuildPhase;
			buildActionMask = 2147483647;
			files = (
				50E8CCD12007CD7600EDD0B5 /* BeastListUITests.swift in Sources */,
			);
			runOnlyForDeploymentPostprocessing = 0;
		};
/* End PBXSourcesBuildPhase section */

/* Begin PBXTargetDependency section */
		50E8CCCE2007CD7600EDD0B5 /* PBXTargetDependency */ = {
			isa = PBXTargetDependency;
			target = 50E8CCB72007CD7600EDD0B5 /* BeastList */;
			targetProxy = 50E8CCCD2007CD7600EDD0B5 /* PBXContainerItemProxy */;
		};
/* End PBXTargetDependency section */

/* Begin PBXVariantGroup section */
		50E8CCBF2007CD7600EDD0B5 /* Main.storyboard */ = {
			isa = PBXVariantGroup;
			children = (
				50E8CCC02007CD7600EDD0B5 /* Base */,
			);
			name = Main.storyboard;
			sourceTree = "<group>";
		};
		50E8CCC42007CD7600EDD0B5 /* LaunchScreen.storyboard */ = {
			isa = PBXVariantGroup;
			children = (
				50E8CCC52007CD7600EDD0B5 /* Base */,
			);
			name = LaunchScreen.storyboard;
			sourceTree = "<group>";
		};
/* End PBXVariantGroup section */

/* Begin XCBuildConfiguration section */
		50E8CCD32007CD7600EDD0B5 /* Debug */ = {
			isa = XCBuildConfiguration;
			buildSettings = {
				ALWAYS_SEARCH_USER_PATHS = NO;
				CLANG_ANALYZER_NONNULL = YES;
				CLANG_ANALYZER_NUMBER_OBJECT_CONVERSION = YES_AGGRESSIVE;
				CLANG_CXX_LANGUAGE_STANDARD = "gnu++14";
				CLANG_CXX_LIBRARY = "libc++";
				CLANG_ENABLE_MODULES = YES;
				CLANG_ENABLE_OBJC_ARC = YES;
				CLANG_WARN_BLOCK_CAPTURE_AUTORELEASING = YES;
				CLANG_WARN_BOOL_CONVERSION = YES;
				CLANG_WARN_COMMA = YES;
				CLANG_WARN_CONSTANT_CONVERSION = YES;
				CLANG_WARN_DIRECT_OBJC_ISA_USAGE = YES_ERROR;
				CLANG_WARN_DOCUMENTATION_COMMENTS = YES;
				CLANG_WARN_EMPTY_BODY = YES;
				CLANG_WARN_ENUM_CONVERSION = YES;
				CLANG_WARN_INFINITE_RECURSION = YES;
				CLANG_WARN_INT_CONVERSION = YES;
				CLANG_WARN_NON_LITERAL_NULL_CONVERSION = YES;
				CLANG_WARN_OBJC_LITERAL_CONVERSION = YES;
				CLANG_WARN_OBJC_ROOT_CLASS = YES_ERROR;
				CLANG_WARN_RANGE_LOOP_ANALYSIS = YES;
				CLANG_WARN_STRICT_PROTOTYPES = YES;
				CLANG_WARN_SUSPICIOUS_MOVE = YES;
				CLANG_WARN_UNGUARDED_AVAILABILITY = YES_AGGRESSIVE;
				CLANG_WARN_UNREACHABLE_CODE = YES;
				CLANG_WARN__DUPLICATE_METHOD_MATCH = YES;
				CODE_SIGN_IDENTITY = "iPhone Developer";
				COPY_PHASE_STRIP = NO;
				DEBUG_INFORMATION_FORMAT = dwarf;
				ENABLE_STRICT_OBJC_MSGSEND = YES;
				ENABLE_TESTABILITY = YES;
				GCC_C_LANGUAGE_STANDARD = gnu11;
				GCC_DYNAMIC_NO_PIC = NO;
				GCC_NO_COMMON_BLOCKS = YES;
				GCC_OPTIMIZATION_LEVEL = 0;
				GCC_PREPROCESSOR_DEFINITIONS = (
					"DEBUG=1",
					"$(inherited)",
				);
				GCC_WARN_64_TO_32_BIT_CONVERSION = YES;
				GCC_WARN_ABOUT_RETURN_TYPE = YES_ERROR;
				GCC_WARN_UNDECLARED_SELECTOR = YES;
				GCC_WARN_UNINITIALIZED_AUTOS = YES_AGGRESSIVE;
				GCC_WARN_UNUSED_FUNCTION = YES;
				GCC_WARN_UNUSED_VARIABLE = YES;
				IPHONEOS_DEPLOYMENT_TARGET = 11.2;
				MTL_ENABLE_DEBUG_INFO = YES;
				ONLY_ACTIVE_ARCH = YES;
				SDKROOT = iphoneos;
				SWIFT_ACTIVE_COMPILATION_CONDITIONS = DEBUG;
				SWIFT_OPTIMIZATION_LEVEL = "-Onone";
			};
			name = Debug;
		};
		50E8CCD42007CD7600EDD0B5 /* Release */ = {
			isa = XCBuildConfiguration;
			buildSettings = {
				ALWAYS_SEARCH_USER_PATHS = NO;
				CLANG_ANALYZER_NONNULL = YES;
				CLANG_ANALYZER_NUMBER_OBJECT_CONVERSION = YES_AGGRESSIVE;
				CLANG_CXX_LANGUAGE_STANDARD = "gnu++14";
				CLANG_CXX_LIBRARY = "libc++";
				CLANG_ENABLE_MODULES = YES;
				CLANG_ENABLE_OBJC_ARC = YES;
				CLANG_WARN_BLOCK_CAPTURE_AUTORELEASING = YES;
				CLANG_WARN_BOOL_CONVERSION = YES;
				CLANG_WARN_COMMA = YES;
				CLANG_WARN_CONSTANT_CONVERSION = YES;
				CLANG_WARN_DIRECT_OBJC_ISA_USAGE = YES_ERROR;
				CLANG_WARN_DOCUMENTATION_COMMENTS = YES;
				CLANG_WARN_EMPTY_BODY = YES;
				CLANG_WARN_ENUM_CONVERSION = YES;
				CLANG_WARN_INFINITE_RECURSION = YES;
				CLANG_WARN_INT_CONVERSION = YES;
				CLANG_WARN_NON_LITERAL_NULL_CONVERSION = YES;
				CLANG_WARN_OBJC_LITERAL_CONVERSION = YES;
				CLANG_WARN_OBJC_ROOT_CLASS = YES_ERROR;
				CLANG_WARN_RANGE_LOOP_ANALYSIS = YES;
				CLANG_WARN_STRICT_PROTOTYPES = YES;
				CLANG_WARN_SUSPICIOUS_MOVE = YES;
				CLANG_WARN_UNGUARDED_AVAILABILITY = YES_AGGRESSIVE;
				CLANG_WARN_UNREACHABLE_CODE = YES;
				CLANG_WARN__DUPLICATE_METHOD_MATCH = YES;
				CODE_SIGN_IDENTITY = "iPhone Developer";
				COPY_PHASE_STRIP = NO;
				DEBUG_INFORMATION_FORMAT = "dwarf-with-dsym";
				ENABLE_NS_ASSERTIONS = NO;
				ENABLE_STRICT_OBJC_MSGSEND = YES;
				GCC_C_LANGUAGE_STANDARD = gnu11;
				GCC_NO_COMMON_BLOCKS = YES;
				GCC_WARN_64_TO_32_BIT_CONVERSION = YES;
				GCC_WARN_ABOUT_RETURN_TYPE = YES_ERROR;
				GCC_WARN_UNDECLARED_SELECTOR = YES;
				GCC_WARN_UNINITIALIZED_AUTOS = YES_AGGRESSIVE;
				GCC_WARN_UNUSED_FUNCTION = YES;
				GCC_WARN_UNUSED_VARIABLE = YES;
				IPHONEOS_DEPLOYMENT_TARGET = 11.2;
				MTL_ENABLE_DEBUG_INFO = NO;
				SDKROOT = iphoneos;
				SWIFT_OPTIMIZATION_LEVEL = "-Owholemodule";
				VALIDATE_PRODUCT = YES;
			};
			name = Release;
		};
		50E8CCD62007CD7600EDD0B5 /* Debug */ = {
			isa = XCBuildConfiguration;
			buildSettings = {
				ASSETCATALOG_COMPILER_APPICON_NAME = AppIcon;
				CODE_SIGN_STYLE = Automatic;
				INFOPLIST_FILE = BeastList/Info.plist;
				LD_RUNPATH_SEARCH_PATHS = "$(inherited) @executable_path/Frameworks";
				PRODUCT_BUNDLE_IDENTIFIER = Self.BeastList;
				PRODUCT_NAME = "$(TARGET_NAME)";
				SWIFT_VERSION = 4.0;
				TARGETED_DEVICE_FAMILY = "1,2";
			};
			name = Debug;
		};
		50E8CCD72007CD7600EDD0B5 /* Release */ = {
			isa = XCBuildConfiguration;
			buildSettings = {
				ASSETCATALOG_COMPILER_APPICON_NAME = AppIcon;
				CODE_SIGN_STYLE = Automatic;
				INFOPLIST_FILE = BeastList/Info.plist;
				LD_RUNPATH_SEARCH_PATHS = "$(inherited) @executable_path/Frameworks";
				PRODUCT_BUNDLE_IDENTIFIER = Self.BeastList;
				PRODUCT_NAME = "$(TARGET_NAME)";
				SWIFT_VERSION = 4.0;
				TARGETED_DEVICE_FAMILY = "1,2";
			};
			name = Release;
		};
		50E8CCD92007CD7600EDD0B5 /* Debug */ = {
			isa = XCBuildConfiguration;
			buildSettings = {
				ALWAYS_EMBED_SWIFT_STANDARD_LIBRARIES = YES;
				CODE_SIGN_STYLE = Automatic;
				INFOPLIST_FILE = BeastListUITests/Info.plist;
				LD_RUNPATH_SEARCH_PATHS = "$(inherited) @executable_path/Frameworks @loader_path/Frameworks";
				PRODUCT_BUNDLE_IDENTIFIER = Self.BeastListUITests;
				PRODUCT_NAME = "$(TARGET_NAME)";
				SWIFT_VERSION = 4.0;
				TARGETED_DEVICE_FAMILY = "1,2";
				TEST_TARGET_NAME = BeastList;
			};
			name = Debug;
		};
		50E8CCDA2007CD7600EDD0B5 /* Release */ = {
			isa = XCBuildConfiguration;
			buildSettings = {
				ALWAYS_EMBED_SWIFT_STANDARD_LIBRARIES = YES;
				CODE_SIGN_STYLE = Automatic;
				INFOPLIST_FILE = BeastListUITests/Info.plist;
				LD_RUNPATH_SEARCH_PATHS = "$(inherited) @executable_path/Frameworks @loader_path/Frameworks";
				PRODUCT_BUNDLE_IDENTIFIER = Self.BeastListUITests;
				PRODUCT_NAME = "$(TARGET_NAME)";
				SWIFT_VERSION = 4.0;
				TARGETED_DEVICE_FAMILY = "1,2";
				TEST_TARGET_NAME = BeastList;
			};
			name = Release;
		};
/* End XCBuildConfiguration section */

/* Begin XCConfigurationList section */
		50E8CCB32007CD7500EDD0B5 /* Build configuration list for PBXProject "BeastList" */ = {
			isa = XCConfigurationList;
			buildConfigurations = (
				50E8CCD32007CD7600EDD0B5 /* Debug */,
				50E8CCD42007CD7600EDD0B5 /* Release */,
			);
			defaultConfigurationIsVisible = 0;
			defaultConfigurationName = Release;
		};
		50E8CCD52007CD7600EDD0B5 /* Build configuration list for PBXNativeTarget "BeastList" */ = {
			isa = XCConfigurationList;
			buildConfigurations = (
				50E8CCD62007CD7600EDD0B5 /* Debug */,
				50E8CCD72007CD7600EDD0B5 /* Release */,
			);
			defaultConfigurationIsVisible = 0;
			defaultConfigurationName = Release;
		};
		50E8CCD82007CD7600EDD0B5 /* Build configuration list for PBXNativeTarget "BeastListUITests" */ = {
			isa = XCConfigurationList;
			buildConfigurations = (
				50E8CCD92007CD7600EDD0B5 /* Debug */,
				50E8CCDA2007CD7600EDD0B5 /* Release */,
			);
			defaultConfigurationIsVisible = 0;
			defaultConfigurationName = Release;
		};
/* End XCConfigurationList section */
	};
	rootObject = 50E8CCB02007CD7500EDD0B5 /* Project object */;
}
