// !$*UTF8*$!
{
	archiveVersion = 1;
	classes = {
	};
	objectVersion = 48;
	objects = {

/* Begin PBXBuildFile section */
		50B1003A20112BFF00409446 /* AppDelegate.swift in Sources */ = {isa = PBXBuildFile; fileRef = 50B1003920112BFF00409446 /* AppDelegate.swift */; };
		50B1003C20112BFF00409446 /* CustomCellsViewController.swift in Sources */ = {isa = PBXBuildFile; fileRef = 50B1003B20112BFF00409446 /* CustomCellsViewController.swift */; };
		50B1003F20112BFF00409446 /* Main.storyboard in Resources */ = {isa = PBXBuildFile; fileRef = 50B1003D20112BFF00409446 /* Main.storyboard */; };
		50B1004220112BFF00409446 /* CustomCell.xcdatamodeld in Sources */ = {isa = PBXBuildFile; fileRef = 50B1004020112BFF00409446 /* CustomCell.xcdatamodeld */; };
		50B1004420112BFF00409446 /* Assets.xcassets in Resources */ = {isa = PBXBuildFile; fileRef = 50B1004320112BFF00409446 /* Assets.xcassets */; };
		50B1004720112BFF00409446 /* LaunchScreen.storyboard in Resources */ = {isa = PBXBuildFile; fileRef = 50B1004520112BFF00409446 /* LaunchScreen.storyboard */; };
		50B1005220112BFF00409446 /* CustomCellUITests.swift in Sources */ = {isa = PBXBuildFile; fileRef = 50B1005120112BFF00409446 /* CustomCellUITests.swift */; };
		50B1005D20112F2300409446 /* CustomCell.swift in Sources */ = {isa = PBXBuildFile; fileRef = 50B1005C20112F2300409446 /* CustomCell.swift */; };
/* End PBXBuildFile section */

/* Begin PBXContainerItemProxy section */
		50B1004E20112BFF00409446 /* PBXContainerItemProxy */ = {
			isa = PBXContainerItemProxy;
			containerPortal = 50B1002E20112BFF00409446 /* Project object */;
			proxyType = 1;
			remoteGlobalIDString = 50B1003520112BFF00409446;
			remoteInfo = CustomCell;
		};
/* End PBXContainerItemProxy section */

/* Begin PBXFileReference section */
		50B1003620112BFF00409446 /* CustomCell.app */ = {isa = PBXFileReference; explicitFileType = wrapper.application; includeInIndex = 0; path = CustomCell.app; sourceTree = BUILT_PRODUCTS_DIR; };
		50B1003920112BFF00409446 /* AppDelegate.swift */ = {isa = PBXFileReference; lastKnownFileType = sourcecode.swift; path = AppDelegate.swift; sourceTree = "<group>"; };
		50B1003B20112BFF00409446 /* CustomCellsViewController.swift */ = {isa = PBXFileReference; lastKnownFileType = sourcecode.swift; path = CustomCellsViewController.swift; sourceTree = "<group>"; };
		50B1003E20112BFF00409446 /* Base */ = {isa = PBXFileReference; lastKnownFileType = file.storyboard; name = Base; path = Base.lproj/Main.storyboard; sourceTree = "<group>"; };
		50B1004120112BFF00409446 /* CustomCell.xcdatamodel */ = {isa = PBXFileReference; lastKnownFileType = wrapper.xcdatamodel; path = CustomCell.xcdatamodel; sourceTree = "<group>"; };
		50B1004320112BFF00409446 /* Assets.xcassets */ = {isa = PBXFileReference; lastKnownFileType = folder.assetcatalog; path = Assets.xcassets; sourceTree = "<group>"; };
		50B1004620112BFF00409446 /* Base */ = {isa = PBXFileReference; lastKnownFileType = file.storyboard; name = Base; path = Base.lproj/LaunchScreen.storyboard; sourceTree = "<group>"; };
		50B1004820112BFF00409446 /* Info.plist */ = {isa = PBXFileReference; lastKnownFileType = text.plist.xml; path = Info.plist; sourceTree = "<group>"; };
		50B1004D20112BFF00409446 /* CustomCellUITests.xctest */ = {isa = PBXFileReference; explicitFileType = wrapper.cfbundle; includeInIndex = 0; path = CustomCellUITests.xctest; sourceTree = BUILT_PRODUCTS_DIR; };
		50B1005120112BFF00409446 /* CustomCellUITests.swift */ = {isa = PBXFileReference; lastKnownFileType = sourcecode.swift; path = CustomCellUITests.swift; sourceTree = "<group>"; };
		50B1005320112BFF00409446 /* Info.plist */ = {isa = PBXFileReference; lastKnownFileType = text.plist.xml; path = Info.plist; sourceTree = "<group>"; };
		50B1005C20112F2300409446 /* CustomCell.swift */ = {isa = PBXFileReference; lastKnownFileType = sourcecode.swift; path = CustomCell.swift; sourceTree = "<group>"; };
/* End PBXFileReference section */

/* Begin PBXFrameworksBuildPhase section */
		50B1003320112BFF00409446 /* Frameworks */ = {
			isa = PBXFrameworksBuildPhase;
			buildActionMask = 2147483647;
			files = (
			);
			runOnlyForDeploymentPostprocessing = 0;
		};
		50B1004A20112BFF00409446 /* Frameworks */ = {
			isa = PBXFrameworksBuildPhase;
			buildActionMask = 2147483647;
			files = (
			);
			runOnlyForDeploymentPostprocessing = 0;
		};
/* End PBXFrameworksBuildPhase section */

/* Begin PBXGroup section */
		50B1002D20112BFF00409446 = {
			isa = PBXGroup;
			children = (
				50B1003820112BFF00409446 /* CustomCell */,
				50B1005020112BFF00409446 /* CustomCellUITests */,
				50B1003720112BFF00409446 /* Products */,
			);
			sourceTree = "<group>";
		};
		50B1003720112BFF00409446 /* Products */ = {
			isa = PBXGroup;
			children = (
				50B1003620112BFF00409446 /* CustomCell.app */,
				50B1004D20112BFF00409446 /* CustomCellUITests.xctest */,
			);
			name = Products;
			sourceTree = "<group>";
		};
		50B1003820112BFF00409446 /* CustomCell */ = {
			isa = PBXGroup;
			children = (
				50B1003920112BFF00409446 /* AppDelegate.swift */,
				50B1003B20112BFF00409446 /* CustomCellsViewController.swift */,
				50B1003D20112BFF00409446 /* Main.storyboard */,
				50B1005C20112F2300409446 /* CustomCell.swift */,
				50B1004320112BFF00409446 /* Assets.xcassets */,
				50B1004520112BFF00409446 /* LaunchScreen.storyboard */,
				50B1004820112BFF00409446 /* Info.plist */,
				50B1004020112BFF00409446 /* CustomCell.xcdatamodeld */,
			);
			path = CustomCell;
			sourceTree = "<group>";
		};
		50B1005020112BFF00409446 /* CustomCellUITests */ = {
			isa = PBXGroup;
			children = (
				50B1005120112BFF00409446 /* CustomCellUITests.swift */,
				50B1005320112BFF00409446 /* Info.plist */,
			);
			path = CustomCellUITests;
			sourceTree = "<group>";
		};
/* End PBXGroup section */

/* Begin PBXNativeTarget section */
		50B1003520112BFF00409446 /* CustomCell */ = {
			isa = PBXNativeTarget;
			buildConfigurationList = 50B1005620112BFF00409446 /* Build configuration list for PBXNativeTarget "CustomCell" */;
			buildPhases = (
				50B1003220112BFF00409446 /* Sources */,
				50B1003320112BFF00409446 /* Frameworks */,
				50B1003420112BFF00409446 /* Resources */,
			);
			buildRules = (
			);
			dependencies = (
			);
			name = CustomCell;
			productName = CustomCell;
			productReference = 50B1003620112BFF00409446 /* CustomCell.app */;
			productType = "com.apple.product-type.application";
		};
		50B1004C20112BFF00409446 /* CustomCellUITests */ = {
			isa = PBXNativeTarget;
			buildConfigurationList = 50B1005920112BFF00409446 /* Build configuration list for PBXNativeTarget "CustomCellUITests" */;
			buildPhases = (
				50B1004920112BFF00409446 /* Sources */,
				50B1004A20112BFF00409446 /* Frameworks */,
				50B1004B20112BFF00409446 /* Resources */,
			);
			buildRules = (
			);
			dependencies = (
				50B1004F20112BFF00409446 /* PBXTargetDependency */,
			);
			name = CustomCellUITests;
			productName = CustomCellUITests;
			productReference = 50B1004D20112BFF00409446 /* CustomCellUITests.xctest */;
			productType = "com.apple.product-type.bundle.ui-testing";
		};
/* End PBXNativeTarget section */

/* Begin PBXProject section */
		50B1002E20112BFF00409446 /* Project object */ = {
			isa = PBXProject;
			attributes = {
				LastSwiftUpdateCheck = 0920;
				LastUpgradeCheck = 0920;
				ORGANIZATIONNAME = Song;
				TargetAttributes = {
					50B1003520112BFF00409446 = {
						CreatedOnToolsVersion = 9.2;
						ProvisioningStyle = Automatic;
					};
					50B1004C20112BFF00409446 = {
						CreatedOnToolsVersion = 9.2;
						ProvisioningStyle = Automatic;
						TestTargetID = 50B1003520112BFF00409446;
					};
				};
			};
			buildConfigurationList = 50B1003120112BFF00409446 /* Build configuration list for PBXProject "CustomCell" */;
			compatibilityVersion = "Xcode 8.0";
			developmentRegion = en;
			hasScannedForEncodings = 0;
			knownRegions = (
				en,
				Base,
			);
			mainGroup = 50B1002D20112BFF00409446;
			productRefGroup = 50B1003720112BFF00409446 /* Products */;
			projectDirPath = "";
			projectRoot = "";
			targets = (
				50B1003520112BFF00409446 /* CustomCell */,
				50B1004C20112BFF00409446 /* CustomCellUITests */,
			);
		};
/* End PBXProject section */

/* Begin PBXResourcesBuildPhase section */
		50B1003420112BFF00409446 /* Resources */ = {
			isa = PBXResourcesBuildPhase;
			buildActionMask = 2147483647;
			files = (
				50B1004720112BFF00409446 /* LaunchScreen.storyboard in Resources */,
				50B1004420112BFF00409446 /* Assets.xcassets in Resources */,
				50B1003F20112BFF00409446 /* Main.storyboard in Resources */,
			);
			runOnlyForDeploymentPostprocessing = 0;
		};
		50B1004B20112BFF00409446 /* Resources */ = {
			isa = PBXResourcesBuildPhase;
			buildActionMask = 2147483647;
			files = (
			);
			runOnlyForDeploymentPostprocessing = 0;
		};
/* End PBXResourcesBuildPhase section */

/* Begin PBXSourcesBuildPhase section */
		50B1003220112BFF00409446 /* Sources */ = {
			isa = PBXSourcesBuildPhase;
			buildActionMask = 2147483647;
			files = (
				50B1003C20112BFF00409446 /* CustomCellsViewController.swift in Sources */,
				50B1004220112BFF00409446 /* CustomCell.xcdatamodeld in Sources */,
				50B1005D20112F2300409446 /* CustomCell.swift in Sources */,
				50B1003A20112BFF00409446 /* AppDelegate.swift in Sources */,
			);
			runOnlyForDeploymentPostprocessing = 0;
		};
		50B1004920112BFF00409446 /* Sources */ = {
			isa = PBXSourcesBuildPhase;
			buildActionMask = 2147483647;
			files = (
				50B1005220112BFF00409446 /* CustomCellUITests.swift in Sources */,
			);
			runOnlyForDeploymentPostprocessing = 0;
		};
/* End PBXSourcesBuildPhase section */

/* Begin PBXTargetDependency section */
		50B1004F20112BFF00409446 /* PBXTargetDependency */ = {
			isa = PBXTargetDependency;
			target = 50B1003520112BFF00409446 /* CustomCell */;
			targetProxy = 50B1004E20112BFF00409446 /* PBXContainerItemProxy */;
		};
/* End PBXTargetDependency section */

/* Begin PBXVariantGroup section */
		50B1003D20112BFF00409446 /* Main.storyboard */ = {
			isa = PBXVariantGroup;
			children = (
				50B1003E20112BFF00409446 /* Base */,
			);
			name = Main.storyboard;
			sourceTree = "<group>";
		};
		50B1004520112BFF00409446 /* LaunchScreen.storyboard */ = {
			isa = PBXVariantGroup;
			children = (
				50B1004620112BFF00409446 /* Base */,
			);
			name = LaunchScreen.storyboard;
			sourceTree = "<group>";
		};
/* End PBXVariantGroup section */

/* Begin XCBuildConfiguration section */
		50B1005420112BFF00409446 /* Debug */ = {
			isa = XCBuildConfiguration;
			buildSettings = {
				ALWAYS_SEARCH_USER_PATHS = NO;
				CLANG_ANALYZER_NONNULL = YES;
				CLANG_ANALYZER_NUMBER_OBJECT_CONVERSION = YES_AGGRESSIVE;
				CLANG_CXX_LANGUAGE_STANDARD = "gnu++14";
				CLANG_CXX_LIBRARY = "libc++";
				CLANG_ENABLE_MODULES = YES;
				CLANG_ENABLE_OBJC_ARC = YES;
				CLANG_WARN_BLOCK_CAPTURE_AUTORELEASING = YES;
				CLANG_WARN_BOOL_CONVERSION = YES;
				CLANG_WARN_COMMA = YES;
				CLANG_WARN_CONSTANT_CONVERSION = YES;
				CLANG_WARN_DIRECT_OBJC_ISA_USAGE = YES_ERROR;
				CLANG_WARN_DOCUMENTATION_COMMENTS = YES;
				CLANG_WARN_EMPTY_BODY = YES;
				CLANG_WARN_ENUM_CONVERSION = YES;
				CLANG_WARN_INFINITE_RECURSION = YES;
				CLANG_WARN_INT_CONVERSION = YES;
				CLANG_WARN_NON_LITERAL_NULL_CONVERSION = YES;
				CLANG_WARN_OBJC_LITERAL_CONVERSION = YES;
				CLANG_WARN_OBJC_ROOT_CLASS = YES_ERROR;
				CLANG_WARN_RANGE_LOOP_ANALYSIS = YES;
				CLANG_WARN_STRICT_PROTOTYPES = YES;
				CLANG_WARN_SUSPICIOUS_MOVE = YES;
				CLANG_WARN_UNGUARDED_AVAILABILITY = YES_AGGRESSIVE;
				CLANG_WARN_UNREACHABLE_CODE = YES;
				CLANG_WARN__DUPLICATE_METHOD_MATCH = YES;
				CODE_SIGN_IDENTITY = "iPhone Developer";
				COPY_PHASE_STRIP = NO;
				DEBUG_INFORMATION_FORMAT = dwarf;
				ENABLE_STRICT_OBJC_MSGSEND = YES;
				ENABLE_TESTABILITY = YES;
				GCC_C_LANGUAGE_STANDARD = gnu11;
				GCC_DYNAMIC_NO_PIC = NO;
				GCC_NO_COMMON_BLOCKS = YES;
				GCC_OPTIMIZATION_LEVEL = 0;
				GCC_PREPROCESSOR_DEFINITIONS = (
					"DEBUG=1",
					"$(inherited)",
				);
				GCC_WARN_64_TO_32_BIT_CONVERSION = YES;
				GCC_WARN_ABOUT_RETURN_TYPE = YES_ERROR;
				GCC_WARN_UNDECLARED_SELECTOR = YES;
				GCC_WARN_UNINITIALIZED_AUTOS = YES_AGGRESSIVE;
				GCC_WARN_UNUSED_FUNCTION = YES;
				GCC_WARN_UNUSED_VARIABLE = YES;
				IPHONEOS_DEPLOYMENT_TARGET = 11.2;
				MTL_ENABLE_DEBUG_INFO = YES;
				ONLY_ACTIVE_ARCH = YES;
				SDKROOT = iphoneos;
				SWIFT_ACTIVE_COMPILATION_CONDITIONS = DEBUG;
				SWIFT_OPTIMIZATION_LEVEL = "-Onone";
			};
			name = Debug;
		};
		50B1005520112BFF00409446 /* Release */ = {
			isa = XCBuildConfiguration;
			buildSettings = {
				ALWAYS_SEARCH_USER_PATHS = NO;
				CLANG_ANALYZER_NONNULL = YES;
				CLANG_ANALYZER_NUMBER_OBJECT_CONVERSION = YES_AGGRESSIVE;
				CLANG_CXX_LANGUAGE_STANDARD = "gnu++14";
				CLANG_CXX_LIBRARY = "libc++";
				CLANG_ENABLE_MODULES = YES;
				CLANG_ENABLE_OBJC_ARC = YES;
				CLANG_WARN_BLOCK_CAPTURE_AUTORELEASING = YES;
				CLANG_WARN_BOOL_CONVERSION = YES;
				CLANG_WARN_COMMA = YES;
				CLANG_WARN_CONSTANT_CONVERSION = YES;
				CLANG_WARN_DIRECT_OBJC_ISA_USAGE = YES_ERROR;
				CLANG_WARN_DOCUMENTATION_COMMENTS = YES;
				CLANG_WARN_EMPTY_BODY = YES;
				CLANG_WARN_ENUM_CONVERSION = YES;
				CLANG_WARN_INFINITE_RECURSION = YES;
				CLANG_WARN_INT_CONVERSION = YES;
				CLANG_WARN_NON_LITERAL_NULL_CONVERSION = YES;
				CLANG_WARN_OBJC_LITERAL_CONVERSION = YES;
				CLANG_WARN_OBJC_ROOT_CLASS = YES_ERROR;
				CLANG_WARN_RANGE_LOOP_ANALYSIS = YES;
				CLANG_WARN_STRICT_PROTOTYPES = YES;
				CLANG_WARN_SUSPICIOUS_MOVE = YES;
				CLANG_WARN_UNGUARDED_AVAILABILITY = YES_AGGRESSIVE;
				CLANG_WARN_UNREACHABLE_CODE = YES;
				CLANG_WARN__DUPLICATE_METHOD_MATCH = YES;
				CODE_SIGN_IDENTITY = "iPhone Developer";
				COPY_PHASE_STRIP = NO;
				DEBUG_INFORMATION_FORMAT = "dwarf-with-dsym";
				ENABLE_NS_ASSERTIONS = NO;
				ENABLE_STRICT_OBJC_MSGSEND = YES;
				GCC_C_LANGUAGE_STANDARD = gnu11;
				GCC_NO_COMMON_BLOCKS = YES;
				GCC_WARN_64_TO_32_BIT_CONVERSION = YES;
				GCC_WARN_ABOUT_RETURN_TYPE = YES_ERROR;
				GCC_WARN_UNDECLARED_SELECTOR = YES;
				GCC_WARN_UNINITIALIZED_AUTOS = YES_AGGRESSIVE;
				GCC_WARN_UNUSED_FUNCTION = YES;
				GCC_WARN_UNUSED_VARIABLE = YES;
				IPHONEOS_DEPLOYMENT_TARGET = 11.2;
				MTL_ENABLE_DEBUG_INFO = NO;
				SDKROOT = iphoneos;
				SWIFT_OPTIMIZATION_LEVEL = "-Owholemodule";
				VALIDATE_PRODUCT = YES;
			};
			name = Release;
		};
		50B1005720112BFF00409446 /* Debug */ = {
			isa = XCBuildConfiguration;
			buildSettings = {
				ASSETCATALOG_COMPILER_APPICON_NAME = AppIcon;
				CODE_SIGN_STYLE = Automatic;
				INFOPLIST_FILE = CustomCell/Info.plist;
				LD_RUNPATH_SEARCH_PATHS = "$(inherited) @executable_path/Frameworks";
				PRODUCT_BUNDLE_IDENTIFIER = Self.CustomCell;
				PRODUCT_NAME = "$(TARGET_NAME)";
				SWIFT_VERSION = 4.0;
				TARGETED_DEVICE_FAMILY = "1,2";
			};
			name = Debug;
		};
		50B1005820112BFF00409446 /* Release */ = {
			isa = XCBuildConfiguration;
			buildSettings = {
				ASSETCATALOG_COMPILER_APPICON_NAME = AppIcon;
				CODE_SIGN_STYLE = Automatic;
				INFOPLIST_FILE = CustomCell/Info.plist;
				LD_RUNPATH_SEARCH_PATHS = "$(inherited) @executable_path/Frameworks";
				PRODUCT_BUNDLE_IDENTIFIER = Self.CustomCell;
				PRODUCT_NAME = "$(TARGET_NAME)";
				SWIFT_VERSION = 4.0;
				TARGETED_DEVICE_FAMILY = "1,2";
			};
			name = Release;
		};
		50B1005A20112BFF00409446 /* Debug */ = {
			isa = XCBuildConfiguration;
			buildSettings = {
				ALWAYS_EMBED_SWIFT_STANDARD_LIBRARIES = YES;
				CODE_SIGN_STYLE = Automatic;
				INFOPLIST_FILE = CustomCellUITests/Info.plist;
				LD_RUNPATH_SEARCH_PATHS = "$(inherited) @executable_path/Frameworks @loader_path/Frameworks";
				PRODUCT_BUNDLE_IDENTIFIER = Self.CustomCellUITests;
				PRODUCT_NAME = "$(TARGET_NAME)";
				SWIFT_VERSION = 4.0;
				TARGETED_DEVICE_FAMILY = "1,2";
				TEST_TARGET_NAME = CustomCell;
			};
			name = Debug;
		};
		50B1005B20112BFF00409446 /* Release */ = {
			isa = XCBuildConfiguration;
			buildSettings = {
				ALWAYS_EMBED_SWIFT_STANDARD_LIBRARIES = YES;
				CODE_SIGN_STYLE = Automatic;
				INFOPLIST_FILE = CustomCellUITests/Info.plist;
				LD_RUNPATH_SEARCH_PATHS = "$(inherited) @executable_path/Frameworks @loader_path/Frameworks";
				PRODUCT_BUNDLE_IDENTIFIER = Self.CustomCellUITests;
				PRODUCT_NAME = "$(TARGET_NAME)";
				SWIFT_VERSION = 4.0;
				TARGETED_DEVICE_FAMILY = "1,2";
				TEST_TARGET_NAME = CustomCell;
			};
			name = Release;
		};
/* End XCBuildConfiguration section */

/* Begin XCConfigurationList section */
		50B1003120112BFF00409446 /* Build configuration list for PBXProject "CustomCell" */ = {
			isa = XCConfigurationList;
			buildConfigurations = (
				50B1005420112BFF00409446 /* Debug */,
				50B1005520112BFF00409446 /* Release */,
			);
			defaultConfigurationIsVisible = 0;
			defaultConfigurationName = Release;
		};
		50B1005620112BFF00409446 /* Build configuration list for PBXNativeTarget "CustomCell" */ = {
			isa = XCConfigurationList;
			buildConfigurations = (
				50B1005720112BFF00409446 /* Debug */,
				50B1005820112BFF00409446 /* Release */,
			);
			defaultConfigurationIsVisible = 0;
			defaultConfigurationName = Release;
		};
		50B1005920112BFF00409446 /* Build configuration list for PBXNativeTarget "CustomCellUITests" */ = {
			isa = XCConfigurationList;
			buildConfigurations = (
				50B1005A20112BFF00409446 /* Debug */,
				50B1005B20112BFF00409446 /* Release */,
			);
			defaultConfigurationIsVisible = 0;
			defaultConfigurationName = Release;
		};
/* End XCConfigurationList section */

/* Begin XCVersionGroup section */
		50B1004020112BFF00409446 /* CustomCell.xcdatamodeld */ = {
			isa = XCVersionGroup;
			children = (
				50B1004120112BFF00409446 /* CustomCell.xcdatamodel */,
			);
			currentVersion = 50B1004120112BFF00409446 /* CustomCell.xcdatamodel */;
			path = CustomCell.xcdatamodeld;
			sourceTree = "<group>";
			versionGroupType = wrapper.xcdatamodel;
		};
/* End XCVersionGroup section */
	};
	rootObject = 50B1002E20112BFF00409446 /* Project object */;
}
