// !$*UTF8*$!
{
	archiveVersion = 1;
	classes = {
	};
	objectVersion = 48;
	objects = {

/* Begin PBXBuildFile section */
		50B1006B201140E400409446 /* AppDelegate.swift in Sources */ = {isa = PBXBuildFile; fileRef = 50B1006A201140E400409446 /* AppDelegate.swift */; };
		50B1006D201140E400409446 /* BinaryCounterViewController.swift in Sources */ = {isa = PBXBuildFile; fileRef = 50B1006C201140E400409446 /* BinaryCounterViewController.swift */; };
		50B10070201140E400409446 /* Main.storyboard in Resources */ = {isa = PBXBuildFile; fileRef = 50B1006E201140E400409446 /* Main.storyboard */; };
		50B10073201140E400409446 /* BinaryCounter.xcdatamodeld in Sources */ = {isa = PBXBuildFile; fileRef = 50B10071201140E400409446 /* BinaryCounter.xcdatamodeld */; };
		50B10075201140E400409446 /* Assets.xcassets in Resources */ = {isa = PBXBuildFile; fileRef = 50B10074201140E400409446 /* Assets.xcassets */; };
		50B10078201140E400409446 /* LaunchScreen.storyboard in Resources */ = {isa = PBXBuildFile; fileRef = 50B10076201140E400409446 /* LaunchScreen.storyboard */; };
		50B10083201140E400409446 /* BinaryCounterUITests.swift in Sources */ = {isa = PBXBuildFile; fileRef = 50B10082201140E400409446 /* BinaryCounterUITests.swift */; };
		50B1008E2011415A00409446 /* CustomCell.swift in Sources */ = {isa = PBXBuildFile; fileRef = 50B1008D2011415A00409446 /* CustomCell.swift */; };
		50B100F22012A12000409446 /* CustomCellDelegate.swift in Sources */ = {isa = PBXBuildFile; fileRef = 50B100F12012A12000409446 /* CustomCellDelegate.swift */; };
/* End PBXBuildFile section */

/* Begin PBXContainerItemProxy section */
		50B1007F201140E400409446 /* PBXContainerItemProxy */ = {
			isa = PBXContainerItemProxy;
			containerPortal = 50B1005F201140E400409446 /* Project object */;
			proxyType = 1;
			remoteGlobalIDString = 50B10066201140E400409446;
			remoteInfo = BinaryCounter;
		};
/* End PBXContainerItemProxy section */

/* Begin PBXFileReference section */
		50B10067201140E400409446 /* BinaryCounter.app */ = {isa = PBXFileReference; explicitFileType = wrapper.application; includeInIndex = 0; path = BinaryCounter.app; sourceTree = BUILT_PRODUCTS_DIR; };
		50B1006A201140E400409446 /* AppDelegate.swift */ = {isa = PBXFileReference; lastKnownFileType = sourcecode.swift; path = AppDelegate.swift; sourceTree = "<group>"; };
		50B1006C201140E400409446 /* BinaryCounterViewController.swift */ = {isa = PBXFileReference; lastKnownFileType = sourcecode.swift; path = BinaryCounterViewController.swift; sourceTree = "<group>"; };
		50B1006F201140E400409446 /* Base */ = {isa = PBXFileReference; lastKnownFileType = file.storyboard; name = Base; path = Base.lproj/Main.storyboard; sourceTree = "<group>"; };
		50B10072201140E400409446 /* BinaryCounter.xcdatamodel */ = {isa = PBXFileReference; lastKnownFileType = wrapper.xcdatamodel; path = BinaryCounter.xcdatamodel; sourceTree = "<group>"; };
		50B10074201140E400409446 /* Assets.xcassets */ = {isa = PBXFileReference; lastKnownFileType = folder.assetcatalog; path = Assets.xcassets; sourceTree = "<group>"; };
		50B10077201140E400409446 /* Base */ = {isa = PBXFileReference; lastKnownFileType = file.storyboard; name = Base; path = Base.lproj/LaunchScreen.storyboard; sourceTree = "<group>"; };
		50B10079201140E400409446 /* Info.plist */ = {isa = PBXFileReference; lastKnownFileType = text.plist.xml; path = Info.plist; sourceTree = "<group>"; };
		50B1007E201140E400409446 /* BinaryCounterUITests.xctest */ = {isa = PBXFileReference; explicitFileType = wrapper.cfbundle; includeInIndex = 0; path = BinaryCounterUITests.xctest; sourceTree = BUILT_PRODUCTS_DIR; };
		50B10082201140E400409446 /* BinaryCounterUITests.swift */ = {isa = PBXFileReference; lastKnownFileType = sourcecode.swift; path = BinaryCounterUITests.swift; sourceTree = "<group>"; };
		50B10084201140E400409446 /* Info.plist */ = {isa = PBXFileReference; lastKnownFileType = text.plist.xml; path = Info.plist; sourceTree = "<group>"; };
		50B1008D2011415A00409446 /* CustomCell.swift */ = {isa = PBXFileReference; lastKnownFileType = sourcecode.swift; path = CustomCell.swift; sourceTree = "<group>"; };
		50B100F12012A12000409446 /* CustomCellDelegate.swift */ = {isa = PBXFileReference; lastKnownFileType = sourcecode.swift; path = CustomCellDelegate.swift; sourceTree = "<group>"; };
/* End PBXFileReference section */

/* Begin PBXFrameworksBuildPhase section */
		50B10064201140E400409446 /* Frameworks */ = {
			isa = PBXFrameworksBuildPhase;
			buildActionMask = 2147483647;
			files = (
			);
			runOnlyForDeploymentPostprocessing = 0;
		};
		50B1007B201140E400409446 /* Frameworks */ = {
			isa = PBXFrameworksBuildPhase;
			buildActionMask = 2147483647;
			files = (
			);
			runOnlyForDeploymentPostprocessing = 0;
		};
/* End PBXFrameworksBuildPhase section */

/* Begin PBXGroup section */
		50B1005E201140E400409446 = {
			isa = PBXGroup;
			children = (
				50B10069201140E400409446 /* BinaryCounter */,
				50B10081201140E400409446 /* BinaryCounterUITests */,
				50B10068201140E400409446 /* Products */,
			);
			sourceTree = "<group>";
		};
		50B10068201140E400409446 /* Products */ = {
			isa = PBXGroup;
			children = (
				50B10067201140E400409446 /* BinaryCounter.app */,
				50B1007E201140E400409446 /* BinaryCounterUITests.xctest */,
			);
			name = Products;
			sourceTree = "<group>";
		};
		50B10069201140E400409446 /* BinaryCounter */ = {
			isa = PBXGroup;
			children = (
				50B1006A201140E400409446 /* AppDelegate.swift */,
				50B1006C201140E400409446 /* BinaryCounterViewController.swift */,
				50B100F12012A12000409446 /* CustomCellDelegate.swift */,
				50B1006E201140E400409446 /* Main.storyboard */,
				50B1008D2011415A00409446 /* CustomCell.swift */,
				50B10074201140E400409446 /* Assets.xcassets */,
				50B10076201140E400409446 /* LaunchScreen.storyboard */,
				50B10079201140E400409446 /* Info.plist */,
				50B10071201140E400409446 /* BinaryCounter.xcdatamodeld */,
			);
			path = BinaryCounter;
			sourceTree = "<group>";
		};
		50B10081201140E400409446 /* BinaryCounterUITests */ = {
			isa = PBXGroup;
			children = (
				50B10082201140E400409446 /* BinaryCounterUITests.swift */,
				50B10084201140E400409446 /* Info.plist */,
			);
			path = BinaryCounterUITests;
			sourceTree = "<group>";
		};
/* End PBXGroup section */

/* Begin PBXNativeTarget section */
		50B10066201140E400409446 /* BinaryCounter */ = {
			isa = PBXNativeTarget;
			buildConfigurationList = 50B10087201140E400409446 /* Build configuration list for PBXNativeTarget "BinaryCounter" */;
			buildPhases = (
				50B10063201140E400409446 /* Sources */,
				50B10064201140E400409446 /* Frameworks */,
				50B10065201140E400409446 /* Resources */,
			);
			buildRules = (
			);
			dependencies = (
			);
			name = BinaryCounter;
			productName = BinaryCounter;
			productReference = 50B10067201140E400409446 /* BinaryCounter.app */;
			productType = "com.apple.product-type.application";
		};
		50B1007D201140E400409446 /* BinaryCounterUITests */ = {
			isa = PBXNativeTarget;
			buildConfigurationList = 50B1008A201140E400409446 /* Build configuration list for PBXNativeTarget "BinaryCounterUITests" */;
			buildPhases = (
				50B1007A201140E400409446 /* Sources */,
				50B1007B201140E400409446 /* Frameworks */,
				50B1007C201140E400409446 /* Resources */,
			);
			buildRules = (
			);
			dependencies = (
				50B10080201140E400409446 /* PBXTargetDependency */,
			);
			name = BinaryCounterUITests;
			productName = BinaryCounterUITests;
			productReference = 50B1007E201140E400409446 /* BinaryCounterUITests.xctest */;
			productType = "com.apple.product-type.bundle.ui-testing";
		};
/* End PBXNativeTarget section */

/* Begin PBXProject section */
		50B1005F201140E400409446 /* Project object */ = {
			isa = PBXProject;
			attributes = {
				LastSwiftUpdateCheck = 0920;
				LastUpgradeCheck = 0920;
				ORGANIZATIONNAME = Song;
				TargetAttributes = {
					50B10066201140E400409446 = {
						CreatedOnToolsVersion = 9.2;
						ProvisioningStyle = Automatic;
					};
					50B1007D201140E400409446 = {
						CreatedOnToolsVersion = 9.2;
						ProvisioningStyle = Automatic;
						TestTargetID = 50B10066201140E400409446;
					};
				};
			};
			buildConfigurationList = 50B10062201140E400409446 /* Build configuration list for PBXProject "BinaryCounter" */;
			compatibilityVersion = "Xcode 8.0";
			developmentRegion = en;
			hasScannedForEncodings = 0;
			knownRegions = (
				en,
				Base,
			);
			mainGroup = 50B1005E201140E400409446;
			productRefGroup = 50B10068201140E400409446 /* Products */;
			projectDirPath = "";
			projectRoot = "";
			targets = (
				50B10066201140E400409446 /* BinaryCounter */,
				50B1007D201140E400409446 /* BinaryCounterUITests */,
			);
		};
/* End PBXProject section */

/* Begin PBXResourcesBuildPhase section */
		50B10065201140E400409446 /* Resources */ = {
			isa = PBXResourcesBuildPhase;
			buildActionMask = 2147483647;
			files = (
				50B10078201140E400409446 /* LaunchScreen.storyboard in Resources */,
				50B10075201140E400409446 /* Assets.xcassets in Resources */,
				50B10070201140E400409446 /* Main.storyboard in Resources */,
			);
			runOnlyForDeploymentPostprocessing = 0;
		};
		50B1007C201140E400409446 /* Resources */ = {
			isa = PBXResourcesBuildPhase;
			buildActionMask = 2147483647;
			files = (
			);
			runOnlyForDeploymentPostprocessing = 0;
		};
/* End PBXResourcesBuildPhase section */

/* Begin PBXSourcesBuildPhase section */
		50B10063201140E400409446 /* Sources */ = {
			isa = PBXSourcesBuildPhase;
			buildActionMask = 2147483647;
			files = (
				50B100F22012A12000409446 /* CustomCellDelegate.swift in Sources */,
				50B10073201140E400409446 /* BinaryCounter.xcdatamodeld in Sources */,
				50B1006D201140E400409446 /* BinaryCounterViewController.swift in Sources */,
				50B1008E2011415A00409446 /* CustomCell.swift in Sources */,
				50B1006B201140E400409446 /* AppDelegate.swift in Sources */,
			);
			runOnlyForDeploymentPostprocessing = 0;
		};
		50B1007A201140E400409446 /* Sources */ = {
			isa = PBXSourcesBuildPhase;
			buildActionMask = 2147483647;
			files = (
				50B10083201140E400409446 /* BinaryCounterUITests.swift in Sources */,
			);
			runOnlyForDeploymentPostprocessing = 0;
		};
/* End PBXSourcesBuildPhase section */

/* Begin PBXTargetDependency section */
		50B10080201140E400409446 /* PBXTargetDependency */ = {
			isa = PBXTargetDependency;
			target = 50B10066201140E400409446 /* BinaryCounter */;
			targetProxy = 50B1007F201140E400409446 /* PBXContainerItemProxy */;
		};
/* End PBXTargetDependency section */

/* Begin PBXVariantGroup section */
		50B1006E201140E400409446 /* Main.storyboard */ = {
			isa = PBXVariantGroup;
			children = (
				50B1006F201140E400409446 /* Base */,
			);
			name = Main.storyboard;
			sourceTree = "<group>";
		};
		50B10076201140E400409446 /* LaunchScreen.storyboard */ = {
			isa = PBXVariantGroup;
			children = (
				50B10077201140E400409446 /* Base */,
			);
			name = LaunchScreen.storyboard;
			sourceTree = "<group>";
		};
/* End PBXVariantGroup section */

/* Begin XCBuildConfiguration section */
		50B10085201140E400409446 /* Debug */ = {
			isa = XCBuildConfiguration;
			buildSettings = {
				ALWAYS_SEARCH_USER_PATHS = NO;
				CLANG_ANALYZER_NONNULL = YES;
				CLANG_ANALYZER_NUMBER_OBJECT_CONVERSION = YES_AGGRESSIVE;
				CLANG_CXX_LANGUAGE_STANDARD = "gnu++14";
				CLANG_CXX_LIBRARY = "libc++";
				CLANG_ENABLE_MODULES = YES;
				CLANG_ENABLE_OBJC_ARC = YES;
				CLANG_WARN_BLOCK_CAPTURE_AUTORELEASING = YES;
				CLANG_WARN_BOOL_CONVERSION = YES;
				CLANG_WARN_COMMA = YES;
				CLANG_WARN_CONSTANT_CONVERSION = YES;
				CLANG_WARN_DIRECT_OBJC_ISA_USAGE = YES_ERROR;
				CLANG_WARN_DOCUMENTATION_COMMENTS = YES;
				CLANG_WARN_EMPTY_BODY = YES;
				CLANG_WARN_ENUM_CONVERSION = YES;
				CLANG_WARN_INFINITE_RECURSION = YES;
				CLANG_WARN_INT_CONVERSION = YES;
				CLANG_WARN_NON_LITERAL_NULL_CONVERSION = YES;
				CLANG_WARN_OBJC_LITERAL_CONVERSION = YES;
				CLANG_WARN_OBJC_ROOT_CLASS = YES_ERROR;
				CLANG_WARN_RANGE_LOOP_ANALYSIS = YES;
				CLANG_WARN_STRICT_PROTOTYPES = YES;
				CLANG_WARN_SUSPICIOUS_MOVE = YES;
				CLANG_WARN_UNGUARDED_AVAILABILITY = YES_AGGRESSIVE;
				CLANG_WARN_UNREACHABLE_CODE = YES;
				CLANG_WARN__DUPLICATE_METHOD_MATCH = YES;
				CODE_SIGN_IDENTITY = "iPhone Developer";
				COPY_PHASE_STRIP = NO;
				DEBUG_INFORMATION_FORMAT = dwarf;
				ENABLE_STRICT_OBJC_MSGSEND = YES;
				ENABLE_TESTABILITY = YES;
				GCC_C_LANGUAGE_STANDARD = gnu11;
				GCC_DYNAMIC_NO_PIC = NO;
				GCC_NO_COMMON_BLOCKS = YES;
				GCC_OPTIMIZATION_LEVEL = 0;
				GCC_PREPROCESSOR_DEFINITIONS = (
					"DEBUG=1",
					"$(inherited)",
				);
				GCC_WARN_64_TO_32_BIT_CONVERSION = YES;
				GCC_WARN_ABOUT_RETURN_TYPE = YES_ERROR;
				GCC_WARN_UNDECLARED_SELECTOR = YES;
				GCC_WARN_UNINITIALIZED_AUTOS = YES_AGGRESSIVE;
				GCC_WARN_UNUSED_FUNCTION = YES;
				GCC_WARN_UNUSED_VARIABLE = YES;
				IPHONEOS_DEPLOYMENT_TARGET = 11.2;
				MTL_ENABLE_DEBUG_INFO = YES;
				ONLY_ACTIVE_ARCH = YES;
				SDKROOT = iphoneos;
				SWIFT_ACTIVE_COMPILATION_CONDITIONS = DEBUG;
				SWIFT_OPTIMIZATION_LEVEL = "-Onone";
			};
			name = Debug;
		};
		50B10086201140E400409446 /* Release */ = {
			isa = XCBuildConfiguration;
			buildSettings = {
				ALWAYS_SEARCH_USER_PATHS = NO;
				CLANG_ANALYZER_NONNULL = YES;
				CLANG_ANALYZER_NUMBER_OBJECT_CONVERSION = YES_AGGRESSIVE;
				CLANG_CXX_LANGUAGE_STANDARD = "gnu++14";
				CLANG_CXX_LIBRARY = "libc++";
				CLANG_ENABLE_MODULES = YES;
				CLANG_ENABLE_OBJC_ARC = YES;
				CLANG_WARN_BLOCK_CAPTURE_AUTORELEASING = YES;
				CLANG_WARN_BOOL_CONVERSION = YES;
				CLANG_WARN_COMMA = YES;
				CLANG_WARN_CONSTANT_CONVERSION = YES;
				CLANG_WARN_DIRECT_OBJC_ISA_USAGE = YES_ERROR;
				CLANG_WARN_DOCUMENTATION_COMMENTS = YES;
				CLANG_WARN_EMPTY_BODY = YES;
				CLANG_WARN_ENUM_CONVERSION = YES;
				CLANG_WARN_INFINITE_RECURSION = YES;
				CLANG_WARN_INT_CONVERSION = YES;
				CLANG_WARN_NON_LITERAL_NULL_CONVERSION = YES;
				CLANG_WARN_OBJC_LITERAL_CONVERSION = YES;
				CLANG_WARN_OBJC_ROOT_CLASS = YES_ERROR;
				CLANG_WARN_RANGE_LOOP_ANALYSIS = YES;
				CLANG_WARN_STRICT_PROTOTYPES = YES;
				CLANG_WARN_SUSPICIOUS_MOVE = YES;
				CLANG_WARN_UNGUARDED_AVAILABILITY = YES_AGGRESSIVE;
				CLANG_WARN_UNREACHABLE_CODE = YES;
				CLANG_WARN__DUPLICATE_METHOD_MATCH = YES;
				CODE_SIGN_IDENTITY = "iPhone Developer";
				COPY_PHASE_STRIP = NO;
				DEBUG_INFORMATION_FORMAT = "dwarf-with-dsym";
				ENABLE_NS_ASSERTIONS = NO;
				ENABLE_STRICT_OBJC_MSGSEND = YES;
				GCC_C_LANGUAGE_STANDARD = gnu11;
				GCC_NO_COMMON_BLOCKS = YES;
				GCC_WARN_64_TO_32_BIT_CONVERSION = YES;
				GCC_WARN_ABOUT_RETURN_TYPE = YES_ERROR;
				GCC_WARN_UNDECLARED_SELECTOR = YES;
				GCC_WARN_UNINITIALIZED_AUTOS = YES_AGGRESSIVE;
				GCC_WARN_UNUSED_FUNCTION = YES;
				GCC_WARN_UNUSED_VARIABLE = YES;
				IPHONEOS_DEPLOYMENT_TARGET = 11.2;
				MTL_ENABLE_DEBUG_INFO = NO;
				SDKROOT = iphoneos;
				SWIFT_OPTIMIZATION_LEVEL = "-Owholemodule";
				VALIDATE_PRODUCT = YES;
			};
			name = Release;
		};
		50B10088201140E400409446 /* Debug */ = {
			isa = XCBuildConfiguration;
			buildSettings = {
				ASSETCATALOG_COMPILER_APPICON_NAME = AppIcon;
				CODE_SIGN_STYLE = Automatic;
				INFOPLIST_FILE = BinaryCounter/Info.plist;
				LD_RUNPATH_SEARCH_PATHS = "$(inherited) @executable_path/Frameworks";
				PRODUCT_BUNDLE_IDENTIFIER = Self.BinaryCounter;
				PRODUCT_NAME = "$(TARGET_NAME)";
				SWIFT_VERSION = 4.0;
				TARGETED_DEVICE_FAMILY = "1,2";
			};
			name = Debug;
		};
		50B10089201140E400409446 /* Release */ = {
			isa = XCBuildConfiguration;
			buildSettings = {
				ASSETCATALOG_COMPILER_APPICON_NAME = AppIcon;
				CODE_SIGN_STYLE = Automatic;
				INFOPLIST_FILE = BinaryCounter/Info.plist;
				LD_RUNPATH_SEARCH_PATHS = "$(inherited) @executable_path/Frameworks";
				PRODUCT_BUNDLE_IDENTIFIER = Self.BinaryCounter;
				PRODUCT_NAME = "$(TARGET_NAME)";
				SWIFT_VERSION = 4.0;
				TARGETED_DEVICE_FAMILY = "1,2";
			};
			name = Release;
		};
		50B1008B201140E400409446 /* Debug */ = {
			isa = XCBuildConfiguration;
			buildSettings = {
				ALWAYS_EMBED_SWIFT_STANDARD_LIBRARIES = YES;
				CODE_SIGN_STYLE = Automatic;
				INFOPLIST_FILE = BinaryCounterUITests/Info.plist;
				LD_RUNPATH_SEARCH_PATHS = "$(inherited) @executable_path/Frameworks @loader_path/Frameworks";
				PRODUCT_BUNDLE_IDENTIFIER = Self.BinaryCounterUITests;
				PRODUCT_NAME = "$(TARGET_NAME)";
				SWIFT_VERSION = 4.0;
				TARGETED_DEVICE_FAMILY = "1,2";
				TEST_TARGET_NAME = BinaryCounter;
			};
			name = Debug;
		};
		50B1008C201140E400409446 /* Release */ = {
			isa = XCBuildConfiguration;
			buildSettings = {
				ALWAYS_EMBED_SWIFT_STANDARD_LIBRARIES = YES;
				CODE_SIGN_STYLE = Automatic;
				INFOPLIST_FILE = BinaryCounterUITests/Info.plist;
				LD_RUNPATH_SEARCH_PATHS = "$(inherited) @executable_path/Frameworks @loader_path/Frameworks";
				PRODUCT_BUNDLE_IDENTIFIER = Self.BinaryCounterUITests;
				PRODUCT_NAME = "$(TARGET_NAME)";
				SWIFT_VERSION = 4.0;
				TARGETED_DEVICE_FAMILY = "1,2";
				TEST_TARGET_NAME = BinaryCounter;
			};
			name = Release;
		};
/* End XCBuildConfiguration section */

/* Begin XCConfigurationList section */
		50B10062201140E400409446 /* Build configuration list for PBXProject "BinaryCounter" */ = {
			isa = XCConfigurationList;
			buildConfigurations = (
				50B10085201140E400409446 /* Debug */,
				50B10086201140E400409446 /* Release */,
			);
			defaultConfigurationIsVisible = 0;
			defaultConfigurationName = Release;
		};
		50B10087201140E400409446 /* Build configuration list for PBXNativeTarget "BinaryCounter" */ = {
			isa = XCConfigurationList;
			buildConfigurations = (
				50B10088201140E400409446 /* Debug */,
				50B10089201140E400409446 /* Release */,
			);
			defaultConfigurationIsVisible = 0;
			defaultConfigurationName = Release;
		};
		50B1008A201140E400409446 /* Build configuration list for PBXNativeTarget "BinaryCounterUITests" */ = {
			isa = XCConfigurationList;
			buildConfigurations = (
				50B1008B201140E400409446 /* Debug */,
				50B1008C201140E400409446 /* Release */,
			);
			defaultConfigurationIsVisible = 0;
			defaultConfigurationName = Release;
		};
/* End XCConfigurationList section */

/* Begin XCVersionGroup section */
		50B10071201140E400409446 /* BinaryCounter.xcdatamodeld */ = {
			isa = XCVersionGroup;
			children = (
				50B10072201140E400409446 /* BinaryCounter.xcdatamodel */,
			);
			currentVersion = 50B10072201140E400409446 /* BinaryCounter.xcdatamodel */;
			path = BinaryCounter.xcdatamodeld;
			sourceTree = "<group>";
			versionGroupType = wrapper.xcdatamodel;
		};
/* End XCVersionGroup section */
	};
	rootObject = 50B1005F201140E400409446 /* Project object */;
}
